// !$*UTF8*$!
{
	archiveVersion = 1;
	classes = {
	};
	objectVersion = 48;
	objects = {

/* Begin PBXBuildFile section */
		F92DE478200AE2A2002BE85D /* ShakeEventListenerViewController.m in Sources */ = {isa = PBXBuildFile; fileRef = F92DE477200AE2A2002BE85D /* ShakeEventListenerViewController.m */; };
		F92DE47B200AE3F8002BE85D /* MainViewController.m in Sources */ = {isa = PBXBuildFile; fileRef = F92DE47A200AE3F8002BE85D /* MainViewController.m */; };
		F92DE47E200AE824002BE85D /* ApplicationEventListenerViewController.m in Sources */ = {isa = PBXBuildFile; fileRef = F92DE47D200AE824002BE85D /* ApplicationEventListenerViewController.m */; };
		F92DE481200AE86E002BE85D /* ViewGestureEventListenerViewController.m in Sources */ = {isa = PBXBuildFile; fileRef = F92DE480200AE86D002BE85D /* ViewGestureEventListenerViewController.m */; };
		F92DE484200AE88C002BE85D /* ButtonTapEventListenerViewController.m in Sources */ = {isa = PBXBuildFile; fileRef = F92DE483200AE88C002BE85D /* ButtonTapEventListenerViewController.m */; };
		F92DE487200AF3DF002BE85D /* SSUtils.m in Sources */ = {isa = PBXBuildFile; fileRef = F92DE486200AF3DF002BE85D /* SSUtils.m */; };
		F9AC7DED2008D27F00375AAA /* AppDelegate.m in Sources */ = {isa = PBXBuildFile; fileRef = F9AC7DEC2008D27F00375AAA /* AppDelegate.m */; };
		F9AC7DF32008D27F00375AAA /* Main.storyboard in Resources */ = {isa = PBXBuildFile; fileRef = F9AC7DF12008D27F00375AAA /* Main.storyboard */; };
		F9AC7DF52008D27F00375AAA /* Assets.xcassets in Resources */ = {isa = PBXBuildFile; fileRef = F9AC7DF42008D27F00375AAA /* Assets.xcassets */; };
		F9AC7DF82008D27F00375AAA /* LaunchScreen.storyboard in Resources */ = {isa = PBXBuildFile; fileRef = F9AC7DF62008D27F00375AAA /* LaunchScreen.storyboard */; };
		F9AC7DFB2008D27F00375AAA /* main.m in Sources */ = {isa = PBXBuildFile; fileRef = F9AC7DFA2008D27F00375AAA /* main.m */; };
		F9AC7E022008D2D300375AAA /* SSEventListener.framework in Frameworks */ = {isa = PBXBuildFile; fileRef = F9AC7E012008D2D300375AAA /* SSEventListener.framework */; };
		F9AC7E032008D2D300375AAA /* SSEventListener.framework in Embed Frameworks */ = {isa = PBXBuildFile; fileRef = F9AC7E012008D2D300375AAA /* SSEventListener.framework */; settings = {ATTRIBUTES = (CodeSignOnCopy, RemoveHeadersOnCopy, ); }; };
/* End PBXBuildFile section */

/* Begin PBXCopyFilesBuildPhase section */
		F9AC7E042008D2D300375AAA /* Embed Frameworks */ = {
			isa = PBXCopyFilesBuildPhase;
			buildActionMask = 2147483647;
			dstPath = "";
			dstSubfolderSpec = 10;
			files = (
				F9AC7E032008D2D300375AAA /* SSEventListener.framework in Embed Frameworks */,
			);
			name = "Embed Frameworks";
			runOnlyForDeploymentPostprocessing = 0;
		};
/* End PBXCopyFilesBuildPhase section */

/* Begin PBXFileReference section */
		F92DE476200AE2A2002BE85D /* ShakeEventListenerViewController.h */ = {isa = PBXFileReference; lastKnownFileType = sourcecode.c.h; path = ShakeEventListenerViewController.h; sourceTree = "<group>"; };
		F92DE477200AE2A2002BE85D /* ShakeEventListenerViewController.m */ = {isa = PBXFileReference; lastKnownFileType = sourcecode.c.objc; path = ShakeEventListenerViewController.m; sourceTree = "<group>"; };
		F92DE479200AE3F8002BE85D /* MainViewController.h */ = {isa = PBXFileReference; lastKnownFileType = sourcecode.c.h; path = MainViewController.h; sourceTree = "<group>"; };
		F92DE47A200AE3F8002BE85D /* MainViewController.m */ = {isa = PBXFileReference; lastKnownFileType = sourcecode.c.objc; path = MainViewController.m; sourceTree = "<group>"; };
		F92DE47C200AE824002BE85D /* ApplicationEventListenerViewController.h */ = {isa = PBXFileReference; lastKnownFileType = sourcecode.c.h; path = ApplicationEventListenerViewController.h; sourceTree = "<group>"; };
		F92DE47D200AE824002BE85D /* ApplicationEventListenerViewController.m */ = {isa = PBXFileReference; lastKnownFileType = sourcecode.c.objc; path = ApplicationEventListenerViewController.m; sourceTree = "<group>"; };
		F92DE47F200AE86D002BE85D /* ViewGestureEventListenerViewController.h */ = {isa = PBXFileReference; lastKnownFileType = sourcecode.c.h; path = ViewGestureEventListenerViewController.h; sourceTree = "<group>"; };
		F92DE480200AE86D002BE85D /* ViewGestureEventListenerViewController.m */ = {isa = PBXFileReference; lastKnownFileType = sourcecode.c.objc; path = ViewGestureEventListenerViewController.m; sourceTree = "<group>"; };
		F92DE482200AE88C002BE85D /* ButtonTapEventListenerViewController.h */ = {isa = PBXFileReference; lastKnownFileType = sourcecode.c.h; path = ButtonTapEventListenerViewController.h; sourceTree = "<group>"; };
		F92DE483200AE88C002BE85D /* ButtonTapEventListenerViewController.m */ = {isa = PBXFileReference; lastKnownFileType = sourcecode.c.objc; path = ButtonTapEventListenerViewController.m; sourceTree = "<group>"; };
		F92DE485200AF3DF002BE85D /* SSUtils.h */ = {isa = PBXFileReference; lastKnownFileType = sourcecode.c.h; path = SSUtils.h; sourceTree = "<group>"; };
		F92DE486200AF3DF002BE85D /* SSUtils.m */ = {isa = PBXFileReference; lastKnownFileType = sourcecode.c.objc; path = SSUtils.m; sourceTree = "<group>"; };
		F9AC7DE82008D27F00375AAA /* SSEventListenerDemo.app */ = {isa = PBXFileReference; explicitFileType = wrapper.application; includeInIndex = 0; path = SSEventListenerDemo.app; sourceTree = BUILT_PRODUCTS_DIR; };
		F9AC7DEB2008D27F00375AAA /* AppDelegate.h */ = {isa = PBXFileReference; lastKnownFileType = sourcecode.c.h; path = AppDelegate.h; sourceTree = "<group>"; };
		F9AC7DEC2008D27F00375AAA /* AppDelegate.m */ = {isa = PBXFileReference; lastKnownFileType = sourcecode.c.objc; path = AppDelegate.m; sourceTree = "<group>"; };
		F9AC7DF22008D27F00375AAA /* Base */ = {isa = PBXFileReference; lastKnownFileType = file.storyboard; name = Base; path = Base.lproj/Main.storyboard; sourceTree = "<group>"; };
		F9AC7DF42008D27F00375AAA /* Assets.xcassets */ = {isa = PBXFileReference; lastKnownFileType = folder.assetcatalog; path = Assets.xcassets; sourceTree = "<group>"; };
		F9AC7DF72008D27F00375AAA /* Base */ = {isa = PBXFileReference; lastKnownFileType = file.storyboard; name = Base; path = Base.lproj/LaunchScreen.storyboard; sourceTree = "<group>"; };
		F9AC7DF92008D27F00375AAA /* Info.plist */ = {isa = PBXFileReference; lastKnownFileType = text.plist.xml; path = Info.plist; sourceTree = "<group>"; };
		F9AC7DFA2008D27F00375AAA /* main.m */ = {isa = PBXFileReference; lastKnownFileType = sourcecode.c.objc; path = main.m; sourceTree = "<group>"; };
		F9AC7E012008D2D300375AAA /* SSEventListener.framework */ = {isa = PBXFileReference; explicitFileType = wrapper.framework; path = SSEventListener.framework; sourceTree = BUILT_PRODUCTS_DIR; };
/* End PBXFileReference section */

/* Begin PBXFrameworksBuildPhase section */
		F9AC7DE52008D27F00375AAA /* Frameworks */ = {
			isa = PBXFrameworksBuildPhase;
			buildActionMask = 2147483647;
			files = (
				F9AC7E022008D2D300375AAA /* SSEventListener.framework in Frameworks */,
			);
			runOnlyForDeploymentPostprocessing = 0;
		};
/* End PBXFrameworksBuildPhase section */

/* Begin PBXGroup section */
		F9AC7DDF2008D27F00375AAA = {
			isa = PBXGroup;
			children = (
				F9AC7E012008D2D300375AAA /* SSEventListener.framework */,
				F9AC7DEA2008D27F00375AAA /* SSEventListenerDemo */,
				F9AC7DE92008D27F00375AAA /* Products */,
			);
			sourceTree = "<group>";
		};
		F9AC7DE92008D27F00375AAA /* Products */ = {
			isa = PBXGroup;
			children = (
				F9AC7DE82008D27F00375AAA /* SSEventListenerDemo.app */,
			);
			name = Products;
			sourceTree = "<group>";
		};
		F9AC7DEA2008D27F00375AAA /* SSEventListenerDemo */ = {
			isa = PBXGroup;
			children = (
				F9AC7DEB2008D27F00375AAA /* AppDelegate.h */,
				F9AC7DEC2008D27F00375AAA /* AppDelegate.m */,
				F92DE479200AE3F8002BE85D /* MainViewController.h */,
				F92DE47A200AE3F8002BE85D /* MainViewController.m */,
				F92DE476200AE2A2002BE85D /* ShakeEventListenerViewController.h */,
				F92DE477200AE2A2002BE85D /* ShakeEventListenerViewController.m */,
				F92DE47C200AE824002BE85D /* ApplicationEventListenerViewController.h */,
				F92DE47D200AE824002BE85D /* ApplicationEventListenerViewController.m */,
				F92DE47F200AE86D002BE85D /* ViewGestureEventListenerViewController.h */,
				F92DE480200AE86D002BE85D /* ViewGestureEventListenerViewController.m */,
				F92DE482200AE88C002BE85D /* ButtonTapEventListenerViewController.h */,
				F92DE483200AE88C002BE85D /* ButtonTapEventListenerViewController.m */,
				F92DE485200AF3DF002BE85D /* SSUtils.h */,
				F92DE486200AF3DF002BE85D /* SSUtils.m */,
				F9AC7DF12008D27F00375AAA /* Main.storyboard */,
				F9AC7DF42008D27F00375AAA /* Assets.xcassets */,
				F9AC7DF62008D27F00375AAA /* LaunchScreen.storyboard */,
				F9AC7DF92008D27F00375AAA /* Info.plist */,
				F9AC7DFA2008D27F00375AAA /* main.m */,
			);
			path = SSEventListenerDemo;
			sourceTree = "<group>";
		};
/* End PBXGroup section */

/* Begin PBXNativeTarget section */
		F9AC7DE72008D27F00375AAA /* SSEventListenerDemo */ = {
			isa = PBXNativeTarget;
			buildConfigurationList = F9AC7DFE2008D27F00375AAA /* Build configuration list for PBXNativeTarget "SSEventListenerDemo" */;
			buildPhases = (
				F9AC7DE42008D27F00375AAA /* Sources */,
				F9AC7DE52008D27F00375AAA /* Frameworks */,
				F9AC7DE62008D27F00375AAA /* Resources */,
				F9AC7E042008D2D300375AAA /* Embed Frameworks */,
			);
			buildRules = (
			);
			dependencies = (
			);
			name = SSEventListenerDemo;
			productName = SSEventListenerDemo;
			productReference = F9AC7DE82008D27F00375AAA /* SSEventListenerDemo.app */;
			productType = "com.apple.product-type.application";
		};
/* End PBXNativeTarget section */

/* Begin PBXProject section */
		F9AC7DE02008D27F00375AAA /* Project object */ = {
			isa = PBXProject;
			attributes = {
				LastUpgradeCheck = 0920;
				ORGANIZATIONNAME = Shengsheng;
				TargetAttributes = {
					F9AC7DE72008D27F00375AAA = {
						CreatedOnToolsVersion = 9.2;
						ProvisioningStyle = Automatic;
					};
				};
			};
			buildConfigurationList = F9AC7DE32008D27F00375AAA /* Build configuration list for PBXProject "SSEventListenerDemo" */;
			compatibilityVersion = "Xcode 8.0";
			developmentRegion = en;
			hasScannedForEncodings = 0;
			knownRegions = (
				en,
				Base,
			);
			mainGroup = F9AC7DDF2008D27F00375AAA;
			productRefGroup = F9AC7DE92008D27F00375AAA /* Products */;
			projectDirPath = "";
			projectRoot = "";
			targets = (
				F9AC7DE72008D27F00375AAA /* SSEventListenerDemo */,
			);
		};
/* End PBXProject section */

/* Begin PBXResourcesBuildPhase section */
		F9AC7DE62008D27F00375AAA /* Resources */ = {
			isa = PBXResourcesBuildPhase;
			buildActionMask = 2147483647;
			files = (
				F9AC7DF82008D27F00375AAA /* LaunchScreen.storyboard in Resources */,
				F9AC7DF52008D27F00375AAA /* Assets.xcassets in Resources */,
				F9AC7DF32008D27F00375AAA /* Main.storyboard in Resources */,
			);
			runOnlyForDeploymentPostprocessing = 0;
		};
/* End PBXResourcesBuildPhase section */

/* Begin PBXSourcesBuildPhase section */
		F9AC7DE42008D27F00375AAA /* Sources */ = {
			isa = PBXSourcesBuildPhase;
			buildActionMask = 2147483647;
			files = (
				F92DE47E200AE824002BE85D /* ApplicationEventListenerViewController.m in Sources */,
				F92DE484200AE88C002BE85D /* ButtonTapEventListenerViewController.m in Sources */,
				F92DE478200AE2A2002BE85D /* ShakeEventListenerViewController.m in Sources */,
				F9AC7DFB2008D27F00375AAA /* main.m in Sources */,
				F92DE47B200AE3F8002BE85D /* MainViewController.m in Sources */,
				F92DE487200AF3DF002BE85D /* SSUtils.m in Sources */,
				F9AC7DED2008D27F00375AAA /* AppDelegate.m in Sources */,
				F92DE481200AE86E002BE85D /* ViewGestureEventListenerViewController.m in Sources */,
			);
			runOnlyForDeploymentPostprocessing = 0;
		};
/* End PBXSourcesBuildPhase section */

/* Begin PBXVariantGroup section */
		F9AC7DF12008D27F00375AAA /* Main.storyboard */ = {
			isa = PBXVariantGroup;
			children = (
				F9AC7DF22008D27F00375AAA /* Base */,
			);
			name = Main.storyboard;
			sourceTree = "<group>";
		};
		F9AC7DF62008D27F00375AAA /* LaunchScreen.storyboard */ = {
			isa = PBXVariantGroup;
			children = (
				F9AC7DF72008D27F00375AAA /* Base */,
			);
			name = LaunchScreen.storyboard;
			sourceTree = "<group>";
		};
/* End PBXVariantGroup section */

/* Begin XCBuildConfiguration section */
		F9AC7DFC2008D27F00375AAA /* Debug */ = {
			isa = XCBuildConfiguration;
			buildSettings = {
				ALWAYS_SEARCH_USER_PATHS = NO;
				CLANG_ANALYZER_NONNULL = YES;
				CLANG_ANALYZER_NUMBER_OBJECT_CONVERSION = YES_AGGRESSIVE;
				CLANG_CXX_LANGUAGE_STANDARD = "gnu++14";
				CLANG_CXX_LIBRARY = "libc++";
				CLANG_ENABLE_MODULES = YES;
				CLANG_ENABLE_OBJC_ARC = YES;
				CLANG_WARN_BLOCK_CAPTURE_AUTORELEASING = YES;
				CLANG_WARN_BOOL_CONVERSION = YES;
				CLANG_WARN_COMMA = YES;
				CLANG_WARN_CONSTANT_CONVERSION = YES;
				CLANG_WARN_DIRECT_OBJC_ISA_USAGE = YES_ERROR;
				CLANG_WARN_DOCUMENTATION_COMMENTS = YES;
				CLANG_WARN_EMPTY_BODY = YES;
				CLANG_WARN_ENUM_CONVERSION = YES;
				CLANG_WARN_INFINITE_RECURSION = YES;
				CLANG_WARN_INT_CONVERSION = YES;
				CLANG_WARN_NON_LITERAL_NULL_CONVERSION = YES;
				CLANG_WARN_OBJC_LITERAL_CONVERSION = YES;
				CLANG_WARN_OBJC_ROOT_CLASS = YES_ERROR;
				CLANG_WARN_RANGE_LOOP_ANALYSIS = YES;
				CLANG_WARN_STRICT_PROTOTYPES = YES;
				CLANG_WARN_SUSPICIOUS_MOVE = YES;
				CLANG_WARN_UNGUARDED_AVAILABILITY = YES_AGGRESSIVE;
				CLANG_WARN_UNREACHABLE_CODE = YES;
				CLANG_WARN__DUPLICATE_METHOD_MATCH = YES;
				CODE_SIGN_IDENTITY = "iPhone Developer";
				COPY_PHASE_STRIP = NO;
				DEBUG_INFORMATION_FORMAT = dwarf;
				ENABLE_STRICT_OBJC_MSGSEND = YES;
				ENABLE_TESTABILITY = YES;
				GCC_C_LANGUAGE_STANDARD = gnu11;
				GCC_DYNAMIC_NO_PIC = NO;
				GCC_NO_COMMON_BLOCKS = YES;
				GCC_OPTIMIZATION_LEVEL = 0;
				GCC_PREPROCESSOR_DEFINITIONS = (
					"DEBUG=1",
					"$(inherited)",
				);
				GCC_WARN_64_TO_32_BIT_CONVERSION = YES;
				GCC_WARN_ABOUT_RETURN_TYPE = YES_ERROR;
				GCC_WARN_UNDECLARED_SELECTOR = YES;
				GCC_WARN_UNINITIALIZED_AUTOS = YES_AGGRESSIVE;
				GCC_WARN_UNUSED_FUNCTION = YES;
				GCC_WARN_UNUSED_VARIABLE = YES;
				IPHONEOS_DEPLOYMENT_TARGET = 11.2;
				MTL_ENABLE_DEBUG_INFO = YES;
				ONLY_ACTIVE_ARCH = YES;
				SDKROOT = iphoneos;
			};
			name = Debug;
		};
		F9AC7DFD2008D27F00375AAA /* Release */ = {
			isa = XCBuildConfiguration;
			buildSettings = {
				ALWAYS_SEARCH_USER_PATHS = NO;
				CLANG_ANALYZER_NONNULL = YES;
				CLANG_ANALYZER_NUMBER_OBJECT_CONVERSION = YES_AGGRESSIVE;
				CLANG_CXX_LANGUAGE_STANDARD = "gnu++14";
				CLANG_CXX_LIBRARY = "libc++";
				CLANG_ENABLE_MODULES = YES;
				CLANG_ENABLE_OBJC_ARC = YES;
				CLANG_WARN_BLOCK_CAPTURE_AUTORELEASING = YES;
				CLANG_WARN_BOOL_CONVERSION = YES;
				CLANG_WARN_COMMA = YES;
				CLANG_WARN_CONSTANT_CONVERSION = YES;
				CLANG_WARN_DIRECT_OBJC_ISA_USAGE = YES_ERROR;
				CLANG_WARN_DOCUMENTATION_COMMENTS = YES;
				CLANG_WARN_EMPTY_BODY = YES;
				CLANG_WARN_ENUM_CONVERSION = YES;
				CLANG_WARN_INFINITE_RECURSION = YES;
				CLANG_WARN_INT_CONVERSION = YES;
				CLANG_WARN_NON_LITERAL_NULL_CONVERSION = YES;
				CLANG_WARN_OBJC_LITERAL_CONVERSION = YES;
				CLANG_WARN_OBJC_ROOT_CLASS = YES_ERROR;
				CLANG_WARN_RANGE_LOOP_ANALYSIS = YES;
				CLANG_WARN_STRICT_PROTOTYPES = YES;
				CLANG_WARN_SUSPICIOUS_MOVE = YES;
				CLANG_WARN_UNGUARDED_AVAILABILITY = YES_AGGRESSIVE;
				CLANG_WARN_UNREACHABLE_CODE = YES;
				CLANG_WARN__DUPLICATE_METHOD_MATCH = YES;
				CODE_SIGN_IDENTITY = "iPhone Developer";
				COPY_PHASE_STRIP = NO;
				DEBUG_INFORMATION_FORMAT = "dwarf-with-dsym";
				ENABLE_NS_ASSERTIONS = NO;
				ENABLE_STRICT_OBJC_MSGSEND = YES;
				GCC_C_LANGUAGE_STANDARD = gnu11;
				GCC_NO_COMMON_BLOCKS = YES;
				GCC_WARN_64_TO_32_BIT_CONVERSION = YES;
				GCC_WARN_ABOUT_RETURN_TYPE = YES_ERROR;
				GCC_WARN_UNDECLARED_SELECTOR = YES;
				GCC_WARN_UNINITIALIZED_AUTOS = YES_AGGRESSIVE;
				GCC_WARN_UNUSED_FUNCTION = YES;
				GCC_WARN_UNUSED_VARIABLE = YES;
				IPHONEOS_DEPLOYMENT_TARGET = 11.2;
				MTL_ENABLE_DEBUG_INFO = NO;
				SDKROOT = iphoneos;
				VALIDATE_PRODUCT = YES;
			};
			name = Release;
		};
		F9AC7DFF2008D27F00375AAA /* Debug */ = {
			isa = XCBuildConfiguration;
			buildSettings = {
				ASSETCATALOG_COMPILER_APPICON_NAME = AppIcon;
				CODE_SIGN_STYLE = Automatic;
				DEVELOPMENT_TEAM = MX4494JSP8;
				INFOPLIST_FILE = SSEventListenerDemo/Info.plist;
				LD_RUNPATH_SEARCH_PATHS = "$(inherited) @executable_path/Frameworks";
				PRODUCT_BUNDLE_IDENTIFIER = com.sszhou.SSEventListenerDemo;
				PRODUCT_NAME = "$(TARGET_NAME)";
				TARGETED_DEVICE_FAMILY = "1,2";
			};
			name = Debug;
		};
		F9AC7E002008D27F00375AAA /* Release */ = {
			isa = XCBuildConfiguration;
			buildSettings = {
				ASSETCATALOG_COMPILER_APPICON_NAME = AppIcon;
				CODE_SIGN_STYLE = Automatic;
				DEVELOPMENT_TEAM = MX4494JSP8;
				INFOPLIST_FILE = SSEventListenerDemo/Info.plist;
				LD_RUNPATH_SEARCH_PATHS = "$(inherited) @executable_path/Frameworks";
				PRODUCT_BUNDLE_IDENTIFIER = com.sszhou.SSEventListenerDemo;
				PRODUCT_NAME = "$(TARGET_NAME)";
				TARGETED_DEVICE_FAMILY = "1,2";
			};
			name = Release;
		};
/* End XCBuildConfiguration section */

/* Begin XCConfigurationList section */
		F9AC7DE32008D27F00375AAA /* Build configuration list for PBXProject "SSEventListenerDemo" */ = {
			isa = XCConfigurationList;
			buildConfigurations = (
				F9AC7DFC2008D27F00375AAA /* Debug */,
				F9AC7DFD2008D27F00375AAA /* Release */,
			);
			defaultConfigurationIsVisible = 0;
			defaultConfigurationName = Release;
		};
		F9AC7DFE2008D27F00375AAA /* Build configuration list for PBXNativeTarget "SSEventListenerDemo" */ = {
			isa = XCConfigurationList;
			buildConfigurations = (
				F9AC7DFF2008D27F00375AAA /* Debug */,
				F9AC7E002008D27F00375AAA /* Release */,
			);
			defaultConfigurationIsVisible = 0;
			defaultConfigurationName = Release;
		};
/* End XCConfigurationList section */
	};
	rootObject = F9AC7DE02008D27F00375AAA /* Project object */;
}
